
Microsoft Visual Studio Solution File, Format Version 12.00
# Visual Studio Version 17
VisualStudioVersion = 17.14.36414.22 d17.14
MinimumVisualStudioVersion = 10.0.40219.1
Project("{FAE04EC0-301F-11D3-BF4B-00C04F79EFBC}") = "GareevNikolaiHT", "GareevNikolaiHT\GareevNikolaiHT.csproj", "{E2916421-91AE-4B69-9687-38A7317BB2C6}"
EndProject
Global
	GlobalSection(SolutionConfigurationPlatforms) = preSolution
		Debug|Any CPU = Debug|Any CPU
		Release|Any CPU = Release|Any CPU
	EndGlobalSection
	GlobalSection(ProjectConfigurationPlatforms) = postSolution
		{E2916421-91AE-4B69-9687-38A7317BB2C6}.Debug|Any CPU.ActiveCfg = Debug|Any CPU
		{E2916421-91AE-4B69-9687-38A7317BB2C6}.Debug|Any CPU.Build.0 = Debug|Any CPU
		{E2916421-91AE-4B69-9687-38A7317BB2C6}.Release|Any CPU.ActiveCfg = Release|Any CPU
		{E2916421-91AE-4B69-9687-38A7317BB2C6}.Release|Any CPU.Build.0 = Release|Any CPU
	EndGlobalSection
	GlobalSection(SolutionProperties) = preSolution
		HideSolutionNode = FALSE
	EndGlobalSection
	GlobalSection(ExtensibilityGlobals) = postSolution
		SolutionGuid = {10DA7F6A-6FED-4B95-AEF6-20A734187B3B}
	EndGlobalSection
EndGlobal
